{
  "lockfileVersion": 1,
  "workspaces": {
    "": {
      "name": "demos",
      "dependencies": {
        "arktype": "^2.1.20",
        "ts-brand": "^0.2.0",
        "type-testing": "^0.2.0",
        "valibot": "^1.1.0",
        "zod": "^4.0.0-beta.20250411T195319",
      },
      "devDependencies": {
        "@tsconfig/bun": "^1.0.7",
        "@types/bun": "^1.2.12",
        "@types/node": "^22.15.17",
        "prettier": "^3.5.3",
      },
    },
  },
  "packages": {
    "@ark/schema": ["@ark/schema@0.46.0", "", { "dependencies": { "@ark/util": "0.46.0" } }, "sha512-c2UQdKgP2eqqDArfBqQIJppxJHvNNXuQPeuSPlDML4rjw+f1cu0qAlzOG4b8ujgm9ctIDWwhpyw6gjG5ledIVQ=="],

    "@ark/util": ["@ark/util@0.46.0", "", {}, "sha512-JPy/NGWn/lvf1WmGCPw2VGpBg5utZraE84I7wli18EDF3p3zc/e9WolT35tINeZO3l7C77SjqRJeAUoT0CvMRg=="],

    "@tsconfig/bun": ["@tsconfig/bun@1.0.7", "", {}, "sha512-udGrGJBNQdXGVulehc1aWT73wkR9wdaGBtB6yL70RJsqwW/yJhIg6ZbRlPOfIUiFNrnBuYLBi9CSmMKfDC7dvA=="],

    "@types/bun": ["@types/bun@1.2.12", "", { "dependencies": { "bun-types": "1.2.12" } }, "sha512-lY/GQTXDGsolT/TiH72p1tuyUORuRrdV7VwOTOjDOt8uTBJQOJc5zz3ufwwDl0VBaoxotSk4LdP0hhjLJ6ypIQ=="],

    "@types/node": ["@types/node@22.15.17", "", { "dependencies": { "undici-types": "~6.21.0" } }, "sha512-wIX2aSZL5FE+MR0JlvF87BNVrtFWf6AE6rxSE9X7OwnVvoyCQjpzSRJ+M87se/4QCkCiebQAqrJ0y6fwIyi7nw=="],

    "@zod/core": ["@zod/core@0.4.0", "", {}, "sha512-c/ct67Ae1cTqgwT1ihJPaoV48fxa6ie2a9CKIgQ5EFngeskwcCinSg3jCJWXVePIVCLfvHSgcH0dUannz4o0MQ=="],

    "arktype": ["arktype@2.1.20", "", { "dependencies": { "@ark/schema": "0.46.0", "@ark/util": "0.46.0" } }, "sha512-IZCEEXaJ8g+Ijd59WtSYwtjnqXiwM8sWQ5EjGamcto7+HVN9eK0C4p0zDlCuAwWhpqr6fIBkxPuYDl4/Mcj/+Q=="],

    "bun-types": ["bun-types@1.2.12", "", { "dependencies": { "@types/node": "*" } }, "sha512-tvWMx5vPqbRXgE8WUZI94iS1xAYs8bkqESR9cxBB1Wi+urvfTrF1uzuDgBHFAdO0+d2lmsbG3HmeKMvUyj6pWA=="],

    "prettier": ["prettier@3.5.3", "", { "bin": { "prettier": "bin/prettier.cjs" } }, "sha512-QQtaxnoDJeAkDvDKWCLiwIXkTgRhwYDEQCghU9Z6q03iyek/rxRh/2lC3HB7P8sWT2xC/y5JDctPLBIGzHKbhw=="],

    "ts-brand": ["ts-brand@0.2.0", "", {}, "sha512-H5uo7OqMvd91D2EefFmltBP9oeNInNzWLAZUSt6coGDn8b814Eis6SnEtzyXORr9ccEb38PfzyiRVDacdkycSQ=="],

    "type-testing": ["type-testing@0.2.0", "", {}, "sha512-HAf4o9LjUAh9xEIXZTNm+ak2tjTgK64QhTlT/D8UNedII2/eagdEbtbaVK6920K7+QBrwfvxpjPGlfWVKZ+MZQ=="],

    "undici-types": ["undici-types@6.21.0", "", {}, "sha512-iwDZqg0QAGrg9Rav5H4n0M64c3mkR59cJ6wQp+7C4nI0gsmExaedaYLNO44eT4AtBBwjbTiGPMlt2Md0T9H9JQ=="],

    "valibot": ["valibot@1.1.0", "", { "peerDependencies": { "typescript": ">=5" }, "optionalPeers": ["typescript"] }, "sha512-Nk8lX30Qhu+9txPYTwM0cFlWLdPFsFr6LblzqIySfbZph9+BFsAHsNvHOymEviUepeIW6KFHzpX8TKhbptBXXw=="],

    "zod": ["zod@4.0.0-beta.20250411T195319", "", { "dependencies": { "@zod/core": "0.4.0" } }, "sha512-dlzy+dWxZwCr4bc1mJLW5wPH04cSg7cRVrL6T5PrdHJRIkDXNyhIZFAJdMs7OcjQ5OFJFvuIwNnMishzMQBX+w=="],
  }
}
